
Microsoft Visual Studio Solution File, Format Version 12.00
# Visual Studio Version 17
VisualStudioVersion = 17.4.33213.308
MinimumVisualStudioVersion = 10.0.40219.1
Project("{FAE04EC0-301F-11D3-BF4B-00C04F79EFBC}") = "Actividad10.Server", "Actividad10\Server\Actividad10.Server.csproj", "{6624EC37-F9F3-4262-B745-B728C816F0DD}"
EndProject
Project("{FAE04EC0-301F-11D3-BF4B-00C04F79EFBC}") = "Actividad10.Client", "Actividad10\Client\Actividad10.Client.csproj", "{34BD951D-5889-4482-9DD6-C56A23E109BE}"
EndProject
Project("{FAE04EC0-301F-11D3-BF4B-00C04F79EFBC}") = "Actividad10.Shared", "Actividad10\Shared\Actividad10.Shared.csproj", "{261D423E-A73B-4370-AFF0-C4267ABEBFB1}"
EndProject
Global
	GlobalSection(SolutionConfigurationPlatforms) = preSolution
		Debug|Any CPU = Debug|Any CPU
		Release|Any CPU = Release|Any CPU
	EndGlobalSection
	GlobalSection(ProjectConfigurationPlatforms) = postSolution
		{6624EC37-F9F3-4262-B745-B728C816F0DD}.Debug|Any CPU.ActiveCfg = Debug|Any CPU
		{6624EC37-F9F3-4262-B745-B728C816F0DD}.Debug|Any CPU.Build.0 = Debug|Any CPU
		{6624EC37-F9F3-4262-B745-B728C816F0DD}.Release|Any CPU.ActiveCfg = Release|Any CPU
		{6624EC37-F9F3-4262-B745-B728C816F0DD}.Release|Any CPU.Build.0 = Release|Any CPU
		{34BD951D-5889-4482-9DD6-C56A23E109BE}.Debug|Any CPU.ActiveCfg = Debug|Any CPU
		{34BD951D-5889-4482-9DD6-C56A23E109BE}.Debug|Any CPU.Build.0 = Debug|Any CPU
		{34BD951D-5889-4482-9DD6-C56A23E109BE}.Release|Any CPU.ActiveCfg = Release|Any CPU
		{34BD951D-5889-4482-9DD6-C56A23E109BE}.Release|Any CPU.Build.0 = Release|Any CPU
		{261D423E-A73B-4370-AFF0-C4267ABEBFB1}.Debug|Any CPU.ActiveCfg = Debug|Any CPU
		{261D423E-A73B-4370-AFF0-C4267ABEBFB1}.Debug|Any CPU.Build.0 = Debug|Any CPU
		{261D423E-A73B-4370-AFF0-C4267ABEBFB1}.Release|Any CPU.ActiveCfg = Release|Any CPU
		{261D423E-A73B-4370-AFF0-C4267ABEBFB1}.Release|Any CPU.Build.0 = Release|Any CPU
	EndGlobalSection
	GlobalSection(SolutionProperties) = preSolution
		HideSolutionNode = FALSE
	EndGlobalSection
	GlobalSection(ExtensibilityGlobals) = postSolution
		SolutionGuid = {391B98C1-2871-4BF6-922D-C476FDFCC6EB}
	EndGlobalSection
EndGlobal
